// !$*UTF8*$!
{
	archiveVersion = 1;
	classes = {
	};
	objectVersion = 50;
	objects = {

/* Begin PBXBuildFile section */
		84746B0A258423DA00168C93 /* Entity.swift in Sources */ = {isa = PBXBuildFile; fileRef = 84746B08258423DA00168C93 /* Entity.swift */; };
		84746B0B258423DA00168C93 /* page.json in Resources */ = {isa = PBXBuildFile; fileRef = 84746B09258423DA00168C93 /* page.json */; };
		84746B112584243A00168C93 /* LayoutVC.swift in Sources */ = {isa = PBXBuildFile; fileRef = 84746B102584243A00168C93 /* LayoutVC.swift */; };
		84746B1C258425A300168C93 /* HorizontalItemCell.swift in Sources */ = {isa = PBXBuildFile; fileRef = 84746B1B258425A300168C93 /* HorizontalItemCell.swift */; };
		84746B212584263F00168C93 /* NewsCell.swift in Sources */ = {isa = PBXBuildFile; fileRef = 84746B202584263F00168C93 /* NewsCell.swift */; };
		84746B272584268B00168C93 /* ViewExtensions.swift in Sources */ = {isa = PBXBuildFile; fileRef = 84746B262584268B00168C93 /* ViewExtensions.swift */; };
		84746B362584B55300168C93 /* Constant.swift in Sources */ = {isa = PBXBuildFile; fileRef = 84746B352584B55300168C93 /* Constant.swift */; };
		84746B3C2584B61A00168C93 /* Utils.swift in Sources */ = {isa = PBXBuildFile; fileRef = 84746B3B2584B61A00168C93 /* Utils.swift */; };
		84746B452584B8A500168C93 /* HeaderView.swift in Sources */ = {isa = PBXBuildFile; fileRef = 84746B442584B8A500168C93 /* HeaderView.swift */; };
		8480D25B25827493009EE0BC /* AppDelegate.swift in Sources */ = {isa = PBXBuildFile; fileRef = 8480D25A25827493009EE0BC /* AppDelegate.swift */; };
		8480D25D25827493009EE0BC /* SceneDelegate.swift in Sources */ = {isa = PBXBuildFile; fileRef = 8480D25C25827493009EE0BC /* SceneDelegate.swift */; };
		8480D26225827493009EE0BC /* Main.storyboard in Resources */ = {isa = PBXBuildFile; fileRef = 8480D26025827493009EE0BC /* Main.storyboard */; };
		8480D26425827495009EE0BC /* Assets.xcassets in Resources */ = {isa = PBXBuildFile; fileRef = 8480D26325827495009EE0BC /* Assets.xcassets */; };
		8480D26725827495009EE0BC /* LaunchScreen.storyboard in Resources */ = {isa = PBXBuildFile; fileRef = 8480D26525827495009EE0BC /* LaunchScreen.storyboard */; };
		8480D27225827496009EE0BC /* SBINriTests.swift in Sources */ = {isa = PBXBuildFile; fileRef = 8480D27125827496009EE0BC /* SBINriTests.swift */; };
		8480D27D25827496009EE0BC /* SBINriUITests.swift in Sources */ = {isa = PBXBuildFile; fileRef = 8480D27C25827496009EE0BC /* SBINriUITests.swift */; };
/* End PBXBuildFile section */

/* Begin PBXContainerItemProxy section */
		8480D26E25827496009EE0BC /* PBXContainerItemProxy */ = {
			isa = PBXContainerItemProxy;
			containerPortal = 8480D24F25827493009EE0BC /* Project object */;
			proxyType = 1;
			remoteGlobalIDString = 8480D25625827493009EE0BC;
			remoteInfo = SBINri;
		};
		8480D27925827496009EE0BC /* PBXContainerItemProxy */ = {
			isa = PBXContainerItemProxy;
			containerPortal = 8480D24F25827493009EE0BC /* Project object */;
			proxyType = 1;
			remoteGlobalIDString = 8480D25625827493009EE0BC;
			remoteInfo = SBINri;
		};
/* End PBXContainerItemProxy section */

/* Begin PBXFileReference section */
		84746B08258423DA00168C93 /* Entity.swift */ = {isa = PBXFileReference; fileEncoding = 4; lastKnownFileType = sourcecode.swift; path = Entity.swift; sourceTree = "<group>"; };
		84746B09258423DA00168C93 /* page.json */ = {isa = PBXFileReference; fileEncoding = 4; lastKnownFileType = text.json; path = page.json; sourceTree = "<group>"; };
		84746B102584243A00168C93 /* LayoutVC.swift */ = {isa = PBXFileReference; fileEncoding = 4; lastKnownFileType = sourcecode.swift; path = LayoutVC.swift; sourceTree = "<group>"; };
		84746B1B258425A300168C93 /* HorizontalItemCell.swift */ = {isa = PBXFileReference; lastKnownFileType = sourcecode.swift; path = HorizontalItemCell.swift; sourceTree = "<group>"; };
		84746B202584263F00168C93 /* NewsCell.swift */ = {isa = PBXFileReference; lastKnownFileType = sourcecode.swift; path = NewsCell.swift; sourceTree = "<group>"; };
		84746B262584268B00168C93 /* ViewExtensions.swift */ = {isa = PBXFileReference; lastKnownFileType = sourcecode.swift; path = ViewExtensions.swift; sourceTree = "<group>"; };
		84746B352584B55300168C93 /* Constant.swift */ = {isa = PBXFileReference; lastKnownFileType = sourcecode.swift; path = Constant.swift; sourceTree = "<group>"; };
		84746B3B2584B61A00168C93 /* Utils.swift */ = {isa = PBXFileReference; lastKnownFileType = sourcecode.swift; path = Utils.swift; sourceTree = "<group>"; };
		84746B442584B8A500168C93 /* HeaderView.swift */ = {isa = PBXFileReference; fileEncoding = 4; lastKnownFileType = sourcecode.swift; path = HeaderView.swift; sourceTree = "<group>"; };
		8480D25725827493009EE0BC /* SBINri.app */ = {isa = PBXFileReference; explicitFileType = wrapper.application; includeInIndex = 0; path = SBINri.app; sourceTree = BUILT_PRODUCTS_DIR; };
		8480D25A25827493009EE0BC /* AppDelegate.swift */ = {isa = PBXFileReference; lastKnownFileType = sourcecode.swift; path = AppDelegate.swift; sourceTree = "<group>"; };
		8480D25C25827493009EE0BC /* SceneDelegate.swift */ = {isa = PBXFileReference; lastKnownFileType = sourcecode.swift; path = SceneDelegate.swift; sourceTree = "<group>"; };
		8480D26125827493009EE0BC /* Base */ = {isa = PBXFileReference; lastKnownFileType = file.storyboard; name = Base; path = Base.lproj/Main.storyboard; sourceTree = "<group>"; };
		8480D26325827495009EE0BC /* Assets.xcassets */ = {isa = PBXFileReference; lastKnownFileType = folder.assetcatalog; path = Assets.xcassets; sourceTree = "<group>"; };
		8480D26625827495009EE0BC /* Base */ = {isa = PBXFileReference; lastKnownFileType = file.storyboard; name = Base; path = Base.lproj/LaunchScreen.storyboard; sourceTree = "<group>"; };
		8480D26825827495009EE0BC /* Info.plist */ = {isa = PBXFileReference; lastKnownFileType = text.plist.xml; path = Info.plist; sourceTree = "<group>"; };
		8480D26D25827496009EE0BC /* SBINriTests.xctest */ = {isa = PBXFileReference; explicitFileType = wrapper.cfbundle; includeInIndex = 0; path = SBINriTests.xctest; sourceTree = BUILT_PRODUCTS_DIR; };
		8480D27125827496009EE0BC /* SBINriTests.swift */ = {isa = PBXFileReference; lastKnownFileType = sourcecode.swift; path = SBINriTests.swift; sourceTree = "<group>"; };
		8480D27325827496009EE0BC /* Info.plist */ = {isa = PBXFileReference; lastKnownFileType = text.plist.xml; path = Info.plist; sourceTree = "<group>"; };
		8480D27825827496009EE0BC /* SBINriUITests.xctest */ = {isa = PBXFileReference; explicitFileType = wrapper.cfbundle; includeInIndex = 0; path = SBINriUITests.xctest; sourceTree = BUILT_PRODUCTS_DIR; };
		8480D27C25827496009EE0BC /* SBINriUITests.swift */ = {isa = PBXFileReference; lastKnownFileType = sourcecode.swift; path = SBINriUITests.swift; sourceTree = "<group>"; };
		8480D27E25827496009EE0BC /* Info.plist */ = {isa = PBXFileReference; lastKnownFileType = text.plist.xml; path = Info.plist; sourceTree = "<group>"; };
/* End PBXFileReference section */

/* Begin PBXFrameworksBuildPhase section */
		8480D25425827493009EE0BC /* Frameworks */ = {
			isa = PBXFrameworksBuildPhase;
			buildActionMask = 2147483647;
			files = (
			);
			runOnlyForDeploymentPostprocessing = 0;
		};
		8480D26A25827496009EE0BC /* Frameworks */ = {
			isa = PBXFrameworksBuildPhase;
			buildActionMask = 2147483647;
			files = (
			);
			runOnlyForDeploymentPostprocessing = 0;
		};
		8480D27525827496009EE0BC /* Frameworks */ = {
			isa = PBXFrameworksBuildPhase;
			buildActionMask = 2147483647;
			files = (
			);
			runOnlyForDeploymentPostprocessing = 0;
		};
/* End PBXFrameworksBuildPhase section */

/* Begin PBXGroup section */
		84746B06258423DA00168C93 /* Modules */ = {
			isa = PBXGroup;
			children = (
				84746B3A2584B60500168C93 /* Utils */,
				84746B342584B54700168C93 /* Constant */,
				84746B252584267100168C93 /* Extensions */,
				84746B0F2584243A00168C93 /* View */,
				84746B07258423DA00168C93 /* Entity */,
			);
			path = Modules;
			sourceTree = SOURCE_ROOT;
		};
		84746B07258423DA00168C93 /* Entity */ = {
			isa = PBXGroup;
			children = (
				84746B08258423DA00168C93 /* Entity.swift */,
				84746B09258423DA00168C93 /* page.json */,
			);
			path = Entity;
			sourceTree = "<group>";
		};
		84746B0F2584243A00168C93 /* View */ = {
			isa = PBXGroup;
			children = (
				84746B432584B8A500168C93 /* HeaderView */,
				84746B1A2584255D00168C93 /* Cell */,
				84746B102584243A00168C93 /* LayoutVC.swift */,
			);
			path = View;
			sourceTree = "<group>";
		};
		84746B1A2584255D00168C93 /* Cell */ = {
			isa = PBXGroup;
			children = (
				84746B1B258425A300168C93 /* HorizontalItemCell.swift */,
				84746B202584263F00168C93 /* NewsCell.swift */,
			);
			path = Cell;
			sourceTree = "<group>";
		};
		84746B252584267100168C93 /* Extensions */ = {
			isa = PBXGroup;
			children = (
				84746B262584268B00168C93 /* ViewExtensions.swift */,
			);
			path = Extensions;
			sourceTree = "<group>";
		};
		84746B342584B54700168C93 /* Constant */ = {
			isa = PBXGroup;
			children = (
				84746B352584B55300168C93 /* Constant.swift */,
			);
			path = Constant;
			sourceTree = "<group>";
		};
		84746B3A2584B60500168C93 /* Utils */ = {
			isa = PBXGroup;
			children = (
				84746B3B2584B61A00168C93 /* Utils.swift */,
			);
			path = Utils;
			sourceTree = "<group>";
		};
		84746B432584B8A500168C93 /* HeaderView */ = {
			isa = PBXGroup;
			children = (
				84746B442584B8A500168C93 /* HeaderView.swift */,
			);
			path = HeaderView;
			sourceTree = "<group>";
		};
		8480D24E25827493009EE0BC = {
			isa = PBXGroup;
			children = (
				8480D25925827493009EE0BC /* SBINri */,
				8480D27025827496009EE0BC /* SBINriTests */,
				8480D27B25827496009EE0BC /* SBINriUITests */,
				8480D25825827493009EE0BC /* Products */,
			);
			sourceTree = "<group>";
		};
		8480D25825827493009EE0BC /* Products */ = {
			isa = PBXGroup;
			children = (
				8480D25725827493009EE0BC /* SBINri.app */,
				8480D26D25827496009EE0BC /* SBINriTests.xctest */,
				8480D27825827496009EE0BC /* SBINriUITests.xctest */,
			);
			name = Products;
			sourceTree = "<group>";
		};
		8480D25925827493009EE0BC /* SBINri */ = {
			isa = PBXGroup;
			children = (
				84746B06258423DA00168C93 /* Modules */,
				8480D25A25827493009EE0BC /* AppDelegate.swift */,
				8480D25C25827493009EE0BC /* SceneDelegate.swift */,
				8480D26025827493009EE0BC /* Main.storyboard */,
				8480D26325827495009EE0BC /* Assets.xcassets */,
				8480D26525827495009EE0BC /* LaunchScreen.storyboard */,
				8480D26825827495009EE0BC /* Info.plist */,
			);
			path = SBINri;
			sourceTree = "<group>";
		};
		8480D27025827496009EE0BC /* SBINriTests */ = {
			isa = PBXGroup;
			children = (
				8480D27125827496009EE0BC /* SBINriTests.swift */,
				8480D27325827496009EE0BC /* Info.plist */,
			);
			path = SBINriTests;
			sourceTree = "<group>";
		};
		8480D27B25827496009EE0BC /* SBINriUITests */ = {
			isa = PBXGroup;
			children = (
				8480D27C25827496009EE0BC /* SBINriUITests.swift */,
				8480D27E25827496009EE0BC /* Info.plist */,
			);
			path = SBINriUITests;
			sourceTree = "<group>";
		};
/* End PBXGroup section */

/* Begin PBXNativeTarget section */
		8480D25625827493009EE0BC /* SBINri */ = {
			isa = PBXNativeTarget;
			buildConfigurationList = 8480D28125827496009EE0BC /* Build configuration list for PBXNativeTarget "SBINri" */;
			buildPhases = (
				8480D25325827493009EE0BC /* Sources */,
				8480D25425827493009EE0BC /* Frameworks */,
				8480D25525827493009EE0BC /* Resources */,
			);
			buildRules = (
			);
			dependencies = (
			);
			name = SBINri;
			productName = SBINri;
			productReference = 8480D25725827493009EE0BC /* SBINri.app */;
			productType = "com.apple.product-type.application";
		};
		8480D26C25827496009EE0BC /* SBINriTests */ = {
			isa = PBXNativeTarget;
			buildConfigurationList = 8480D28425827496009EE0BC /* Build configuration list for PBXNativeTarget "SBINriTests" */;
			buildPhases = (
				8480D26925827496009EE0BC /* Sources */,
				8480D26A25827496009EE0BC /* Frameworks */,
				8480D26B25827496009EE0BC /* Resources */,
			);
			buildRules = (
			);
			dependencies = (
				8480D26F25827496009EE0BC /* PBXTargetDependency */,
			);
			name = SBINriTests;
			productName = SBINriTests;
			productReference = 8480D26D25827496009EE0BC /* SBINriTests.xctest */;
			productType = "com.apple.product-type.bundle.unit-test";
		};
		8480D27725827496009EE0BC /* SBINriUITests */ = {
			isa = PBXNativeTarget;
			buildConfigurationList = 8480D28725827496009EE0BC /* Build configuration list for PBXNativeTarget "SBINriUITests" */;
			buildPhases = (
				8480D27425827496009EE0BC /* Sources */,
				8480D27525827496009EE0BC /* Frameworks */,
				8480D27625827496009EE0BC /* Resources */,
			);
			buildRules = (
			);
			dependencies = (
				8480D27A25827496009EE0BC /* PBXTargetDependency */,
			);
			name = SBINriUITests;
			productName = SBINriUITests;
			productReference = 8480D27825827496009EE0BC /* SBINriUITests.xctest */;
			productType = "com.apple.product-type.bundle.ui-testing";
		};
/* End PBXNativeTarget section */

/* Begin PBXProject section */
		8480D24F25827493009EE0BC /* Project object */ = {
			isa = PBXProject;
			attributes = {
				LastSwiftUpdateCheck = 1220;
				LastUpgradeCheck = 1220;
				TargetAttributes = {
					8480D25625827493009EE0BC = {
						CreatedOnToolsVersion = 12.2;
					};
					8480D26C25827496009EE0BC = {
						CreatedOnToolsVersion = 12.2;
						TestTargetID = 8480D25625827493009EE0BC;
					};
					8480D27725827496009EE0BC = {
						CreatedOnToolsVersion = 12.2;
						TestTargetID = 8480D25625827493009EE0BC;
					};
				};
			};
			buildConfigurationList = 8480D25225827493009EE0BC /* Build configuration list for PBXProject "SBINri" */;
			compatibilityVersion = "Xcode 9.3";
			developmentRegion = en;
			hasScannedForEncodings = 0;
			knownRegions = (
				en,
				Base,
			);
			mainGroup = 8480D24E25827493009EE0BC;
			productRefGroup = 8480D25825827493009EE0BC /* Products */;
			projectDirPath = "";
			projectRoot = "";
			targets = (
				8480D25625827493009EE0BC /* SBINri */,
				8480D26C25827496009EE0BC /* SBINriTests */,
				8480D27725827496009EE0BC /* SBINriUITests */,
			);
		};
/* End PBXProject section */

/* Begin PBXResourcesBuildPhase section */
		8480D25525827493009EE0BC /* Resources */ = {
			isa = PBXResourcesBuildPhase;
			buildActionMask = 2147483647;
			files = (
				8480D26725827495009EE0BC /* LaunchScreen.storyboard in Resources */,
				8480D26425827495009EE0BC /* Assets.xcassets in Resources */,
				84746B0B258423DA00168C93 /* page.json in Resources */,
				8480D26225827493009EE0BC /* Main.storyboard in Resources */,
			);
			runOnlyForDeploymentPostprocessing = 0;
		};
		8480D26B25827496009EE0BC /* Resources */ = {
			isa = PBXResourcesBuildPhase;
			buildActionMask = 2147483647;
			files = (
			);
			runOnlyForDeploymentPostprocessing = 0;
		};
		8480D27625827496009EE0BC /* Resources */ = {
			isa = PBXResourcesBuildPhase;
			buildActionMask = 2147483647;
			files = (
			);
			runOnlyForDeploymentPostprocessing = 0;
		};
/* End PBXResourcesBuildPhase section */

/* Begin PBXSourcesBuildPhase section */
		8480D25325827493009EE0BC /* Sources */ = {
			isa = PBXSourcesBuildPhase;
			buildActionMask = 2147483647;
			files = (
				84746B1C258425A300168C93 /* HorizontalItemCell.swift in Sources */,
				84746B0A258423DA00168C93 /* Entity.swift in Sources */,
				84746B362584B55300168C93 /* Constant.swift in Sources */,
				84746B272584268B00168C93 /* ViewExtensions.swift in Sources */,
				84746B3C2584B61A00168C93 /* Utils.swift in Sources */,
				84746B452584B8A500168C93 /* HeaderView.swift in Sources */,
				8480D25B25827493009EE0BC /* AppDelegate.swift in Sources */,
				8480D25D25827493009EE0BC /* SceneDelegate.swift in Sources */,
				84746B212584263F00168C93 /* NewsCell.swift in Sources */,
				84746B112584243A00168C93 /* LayoutVC.swift in Sources */,
			);
			runOnlyForDeploymentPostprocessing = 0;
		};
		8480D26925827496009EE0BC /* Sources */ = {
			isa = PBXSourcesBuildPhase;
			buildActionMask = 2147483647;
			files = (
				8480D27225827496009EE0BC /* SBINriTests.swift in Sources */,
			);
			runOnlyForDeploymentPostprocessing = 0;
		};
		8480D27425827496009EE0BC /* Sources */ = {
			isa = PBXSourcesBuildPhase;
			buildActionMask = 2147483647;
			files = (
				8480D27D25827496009EE0BC /* SBINriUITests.swift in Sources */,
			);
			runOnlyForDeploymentPostprocessing = 0;
		};
/* End PBXSourcesBuildPhase section */

/* Begin PBXTargetDependency section */
		8480D26F25827496009EE0BC /* PBXTargetDependency */ = {
			isa = PBXTargetDependency;
			target = 8480D25625827493009EE0BC /* SBINri */;
			targetProxy = 8480D26E25827496009EE0BC /* PBXContainerItemProxy */;
		};
		8480D27A25827496009EE0BC /* PBXTargetDependency */ = {
			isa = PBXTargetDependency;
			target = 8480D25625827493009EE0BC /* SBINri */;
			targetProxy = 8480D27925827496009EE0BC /* PBXContainerItemProxy */;
		};
/* End PBXTargetDependency section */

/* Begin PBXVariantGroup section */
		8480D26025827493009EE0BC /* Main.storyboard */ = {
			isa = PBXVariantGroup;
			children = (
				8480D26125827493009EE0BC /* Base */,
			);
			name = Main.storyboard;
			sourceTree = "<group>";
		};
		8480D26525827495009EE0BC /* LaunchScreen.storyboard */ = {
			isa = PBXVariantGroup;
			children = (
				8480D26625827495009EE0BC /* Base */,
			);
			name = LaunchScreen.storyboard;
			sourceTree = "<group>";
		};
/* End PBXVariantGroup section */

/* Begin XCBuildConfiguration section */
		8480D27F25827496009EE0BC /* Debug */ = {
			isa = XCBuildConfiguration;
			buildSettings = {
				ALWAYS_SEARCH_USER_PATHS = NO;
				CLANG_ANALYZER_NONNULL = YES;
				CLANG_ANALYZER_NUMBER_OBJECT_CONVERSION = YES_AGGRESSIVE;
				CLANG_CXX_LANGUAGE_STANDARD = "gnu++14";
				CLANG_CXX_LIBRARY = "libc++";
				CLANG_ENABLE_MODULES = YES;
				CLANG_ENABLE_OBJC_ARC = YES;
				CLANG_ENABLE_OBJC_WEAK = YES;
				CLANG_WARN_BLOCK_CAPTURE_AUTORELEASING = YES;
				CLANG_WARN_BOOL_CONVERSION = YES;
				CLANG_WARN_COMMA = YES;
				CLANG_WARN_CONSTANT_CONVERSION = YES;
				CLANG_WARN_DEPRECATED_OBJC_IMPLEMENTATIONS = YES;
				CLANG_WARN_DIRECT_OBJC_ISA_USAGE = YES_ERROR;
				CLANG_WARN_DOCUMENTATION_COMMENTS = YES;
				CLANG_WARN_EMPTY_BODY = YES;
				CLANG_WARN_ENUM_CONVERSION = YES;
				CLANG_WARN_INFINITE_RECURSION = YES;
				CLANG_WARN_INT_CONVERSION = YES;
				CLANG_WARN_NON_LITERAL_NULL_CONVERSION = YES;
				CLANG_WARN_OBJC_IMPLICIT_RETAIN_SELF = YES;
				CLANG_WARN_OBJC_LITERAL_CONVERSION = YES;
				CLANG_WARN_OBJC_ROOT_CLASS = YES_ERROR;
				CLANG_WARN_QUOTED_INCLUDE_IN_FRAMEWORK_HEADER = YES;
				CLANG_WARN_RANGE_LOOP_ANALYSIS = YES;
				CLANG_WARN_STRICT_PROTOTYPES = YES;
				CLANG_WARN_SUSPICIOUS_MOVE = YES;
				CLANG_WARN_UNGUARDED_AVAILABILITY = YES_AGGRESSIVE;
				CLANG_WARN_UNREACHABLE_CODE = YES;
				CLANG_WARN__DUPLICATE_METHOD_MATCH = YES;
				COPY_PHASE_STRIP = NO;
				DEBUG_INFORMATION_FORMAT = dwarf;
				ENABLE_STRICT_OBJC_MSGSEND = YES;
				ENABLE_TESTABILITY = YES;
				GCC_C_LANGUAGE_STANDARD = gnu11;
				GCC_DYNAMIC_NO_PIC = NO;
				GCC_NO_COMMON_BLOCKS = YES;
				GCC_OPTIMIZATION_LEVEL = 0;
				GCC_PREPROCESSOR_DEFINITIONS = (
					"DEBUG=1",
					"$(inherited)",
				);
				GCC_WARN_64_TO_32_BIT_CONVERSION = YES;
				GCC_WARN_ABOUT_RETURN_TYPE = YES_ERROR;
				GCC_WARN_UNDECLARED_SELECTOR = YES;
				GCC_WARN_UNINITIALIZED_AUTOS = YES_AGGRESSIVE;
				GCC_WARN_UNUSED_FUNCTION = YES;
				GCC_WARN_UNUSED_VARIABLE = YES;
				IPHONEOS_DEPLOYMENT_TARGET = 14.2;
				MTL_ENABLE_DEBUG_INFO = INCLUDE_SOURCE;
				MTL_FAST_MATH = YES;
				ONLY_ACTIVE_ARCH = YES;
				SDKROOT = iphoneos;
				SWIFT_ACTIVE_COMPILATION_CONDITIONS = DEBUG;
				SWIFT_OPTIMIZATION_LEVEL = "-Onone";
			};
			name = Debug;
		};
		8480D28025827496009EE0BC /* Release */ = {
			isa = XCBuildConfiguration;
			buildSettings = {
				ALWAYS_SEARCH_USER_PATHS = NO;
				CLANG_ANALYZER_NONNULL = YES;
				CLANG_ANALYZER_NUMBER_OBJECT_CONVERSION = YES_AGGRESSIVE;
				CLANG_CXX_LANGUAGE_STANDARD = "gnu++14";
				CLANG_CXX_LIBRARY = "libc++";
				CLANG_ENABLE_MODULES = YES;
				CLANG_ENABLE_OBJC_ARC = YES;
				CLANG_ENABLE_OBJC_WEAK = YES;
				CLANG_WARN_BLOCK_CAPTURE_AUTORELEASING = YES;
				CLANG_WARN_BOOL_CONVERSION = YES;
				CLANG_WARN_COMMA = YES;
				CLANG_WARN_CONSTANT_CONVERSION = YES;
				CLANG_WARN_DEPRECATED_OBJC_IMPLEMENTATIONS = YES;
				CLANG_WARN_DIRECT_OBJC_ISA_USAGE = YES_ERROR;
				CLANG_WARN_DOCUMENTATION_COMMENTS = YES;
				CLANG_WARN_EMPTY_BODY = YES;
				CLANG_WARN_ENUM_CONVERSION = YES;
				CLANG_WARN_INFINITE_RECURSION = YES;
				CLANG_WARN_INT_CONVERSION = YES;
				CLANG_WARN_NON_LITERAL_NULL_CONVERSION = YES;
				CLANG_WARN_OBJC_IMPLICIT_RETAIN_SELF = YES;
				CLANG_WARN_OBJC_LITERAL_CONVERSION = YES;
				CLANG_WARN_OBJC_ROOT_CLASS = YES_ERROR;
				CLANG_WARN_QUOTED_INCLUDE_IN_FRAMEWORK_HEADER = YES;
				CLANG_WARN_RANGE_LOOP_ANALYSIS = YES;
				CLANG_WARN_STRICT_PROTOTYPES = YES;
				CLANG_WARN_SUSPICIOUS_MOVE = YES;
				CLANG_WARN_UNGUARDED_AVAILABILITY = YES_AGGRESSIVE;
				CLANG_WARN_UNREACHABLE_CODE = YES;
				CLANG_WARN__DUPLICATE_METHOD_MATCH = YES;
				COPY_PHASE_STRIP = NO;
				DEBUG_INFORMATION_FORMAT = "dwarf-with-dsym";
				ENABLE_NS_ASSERTIONS = NO;
				ENABLE_STRICT_OBJC_MSGSEND = YES;
				GCC_C_LANGUAGE_STANDARD = gnu11;
				GCC_NO_COMMON_BLOCKS = YES;
				GCC_WARN_64_TO_32_BIT_CONVERSION = YES;
				GCC_WARN_ABOUT_RETURN_TYPE = YES_ERROR;
				GCC_WARN_UNDECLARED_SELECTOR = YES;
				GCC_WARN_UNINITIALIZED_AUTOS = YES_AGGRESSIVE;
				GCC_WARN_UNUSED_FUNCTION = YES;
				GCC_WARN_UNUSED_VARIABLE = YES;
				IPHONEOS_DEPLOYMENT_TARGET = 14.2;
				MTL_ENABLE_DEBUG_INFO = NO;
				MTL_FAST_MATH = YES;
				SDKROOT = iphoneos;
				SWIFT_COMPILATION_MODE = wholemodule;
				SWIFT_OPTIMIZATION_LEVEL = "-O";
				VALIDATE_PRODUCT = YES;
			};
			name = Release;
		};
		8480D28225827496009EE0BC /* Debug */ = {
			isa = XCBuildConfiguration;
			buildSettings = {
				ASSETCATALOG_COMPILER_APPICON_NAME = AppIcon;
				ASSETCATALOG_COMPILER_GLOBAL_ACCENT_COLOR_NAME = AccentColor;
				CODE_SIGN_STYLE = Automatic;
				INFOPLIST_FILE = SBINri/Info.plist;
				IPHONEOS_DEPLOYMENT_TARGET = 13.0;
				LD_RUNPATH_SEARCH_PATHS = (
					"$(inherited)",
					"@executable_path/Frameworks",
				);
				PRODUCT_BUNDLE_IDENTIFIER = CharleMeenuPrabhatTechnologies.SBINri;
				PRODUCT_NAME = "$(TARGET_NAME)";
				SWIFT_VERSION = 5.0;
				TARGETED_DEVICE_FAMILY = "1,2";
			};
			name = Debug;
		};
		8480D28325827496009EE0BC /* Release */ = {
			isa = XCBuildConfiguration;
			buildSettings = {
				ASSETCATALOG_COMPILER_APPICON_NAME = AppIcon;
				ASSETCATALOG_COMPILER_GLOBAL_ACCENT_COLOR_NAME = AccentColor;
				CODE_SIGN_STYLE = Automatic;
				INFOPLIST_FILE = SBINri/Info.plist;
				IPHONEOS_DEPLOYMENT_TARGET = 13.0;
				LD_RUNPATH_SEARCH_PATHS = (
					"$(inherited)",
					"@executable_path/Frameworks",
				);
				PRODUCT_BUNDLE_IDENTIFIER = CharleMeenuPrabhatTechnologies.SBINri;
				PRODUCT_NAME = "$(TARGET_NAME)";
				SWIFT_VERSION = 5.0;
				TARGETED_DEVICE_FAMILY = "1,2";
			};
			name = Release;
		};
		8480D28525827496009EE0BC /* Debug */ = {
			isa = XCBuildConfiguration;
			buildSettings = {
				ALWAYS_EMBED_SWIFT_STANDARD_LIBRARIES = YES;
				BUNDLE_LOADER = "$(TEST_HOST)";
				CODE_SIGN_STYLE = Automatic;
				INFOPLIST_FILE = SBINriTests/Info.plist;
				IPHONEOS_DEPLOYMENT_TARGET = 14.2;
				LD_RUNPATH_SEARCH_PATHS = (
					"$(inherited)",
					"@executable_path/Frameworks",
					"@loader_path/Frameworks",
				);
				PRODUCT_BUNDLE_IDENTIFIER = CharleMeenuPrabhatTechnologies.SBINriTests;
				PRODUCT_NAME = "$(TARGET_NAME)";
				SWIFT_VERSION = 5.0;
				TARGETED_DEVICE_FAMILY = "1,2";
				TEST_HOST = "$(BUILT_PRODUCTS_DIR)/SBINri.app/SBINri";
			};
			name = Debug;
		};
		8480D28625827496009EE0BC /* Release */ = {
			isa = XCBuildConfiguration;
			buildSettings = {
				ALWAYS_EMBED_SWIFT_STANDARD_LIBRARIES = YES;
				BUNDLE_LOADER = "$(TEST_HOST)";
				CODE_SIGN_STYLE = Automatic;
				INFOPLIST_FILE = SBINriTests/Info.plist;
				IPHONEOS_DEPLOYMENT_TARGET = 14.2;
				LD_RUNPATH_SEARCH_PATHS = (
					"$(inherited)",
					"@executable_path/Frameworks",
					"@loader_path/Frameworks",
				);
				PRODUCT_BUNDLE_IDENTIFIER = CharleMeenuPrabhatTechnologies.SBINriTests;
				PRODUCT_NAME = "$(TARGET_NAME)";
				SWIFT_VERSION = 5.0;
				TARGETED_DEVICE_FAMILY = "1,2";
				TEST_HOST = "$(BUILT_PRODUCTS_DIR)/SBINri.app/SBINri";
			};
			name = Release;
		};
		8480D28825827496009EE0BC /* Debug */ = {
			isa = XCBuildConfiguration;
			buildSettings = {
				ALWAYS_EMBED_SWIFT_STANDARD_LIBRARIES = YES;
				CODE_SIGN_STYLE = Automatic;
				INFOPLIST_FILE = SBINriUITests/Info.plist;
				LD_RUNPATH_SEARCH_PATHS = (
					"$(inherited)",
					"@executable_path/Frameworks",
					"@loader_path/Frameworks",
				);
				PRODUCT_BUNDLE_IDENTIFIER = CharleMeenuPrabhatTechnologies.SBINriUITests;
				PRODUCT_NAME = "$(TARGET_NAME)";
				SWIFT_VERSION = 5.0;
				TARGETED_DEVICE_FAMILY = "1,2";
				TEST_TARGET_NAME = SBINri;
			};
			name = Debug;
		};
		8480D28925827496009EE0BC /* Release */ = {
			isa = XCBuildConfiguration;
			buildSettings = {
				ALWAYS_EMBED_SWIFT_STANDARD_LIBRARIES = YES;
				CODE_SIGN_STYLE = Automatic;
				INFOPLIST_FILE = SBINriUITests/Info.plist;
				LD_RUNPATH_SEARCH_PATHS = (
					"$(inherited)",
					"@executable_path/Frameworks",
					"@loader_path/Frameworks",
				);
				PRODUCT_BUNDLE_IDENTIFIER = CharleMeenuPrabhatTechnologies.SBINriUITests;
				PRODUCT_NAME = "$(TARGET_NAME)";
				SWIFT_VERSION = 5.0;
				TARGETED_DEVICE_FAMILY = "1,2";
				TEST_TARGET_NAME = SBINri;
			};
			name = Release;
		};
/* End XCBuildConfiguration section */

/* Begin XCConfigurationList section */
		8480D25225827493009EE0BC /* Build configuration list for PBXProject "SBINri" */ = {
			isa = XCConfigurationList;
			buildConfigurations = (
				8480D27F25827496009EE0BC /* Debug */,
				8480D28025827496009EE0BC /* Release */,
			);
			defaultConfigurationIsVisible = 0;
			defaultConfigurationName = Release;
		};
		8480D28125827496009EE0BC /* Build configuration list for PBXNativeTarget "SBINri" */ = {
			isa = XCConfigurationList;
			buildConfigurations = (
				8480D28225827496009EE0BC /* Debug */,
				8480D28325827496009EE0BC /* Release */,
			);
			defaultConfigurationIsVisible = 0;
			defaultConfigurationName = Release;
		};
		8480D28425827496009EE0BC /* Build configuration list for PBXNativeTarget "SBINriTests" */ = {
			isa = XCConfigurationList;
			buildConfigurations = (
				8480D28525827496009EE0BC /* Debug */,
				8480D28625827496009EE0BC /* Release */,
			);
			defaultConfigurationIsVisible = 0;
			defaultConfigurationName = Release;
		};
		8480D28725827496009EE0BC /* Build configuration list for PBXNativeTarget "SBINriUITests" */ = {
			isa = XCConfigurationList;
			buildConfigurations = (
				8480D28825827496009EE0BC /* Debug */,
				8480D28925827496009EE0BC /* Release */,
			);
			defaultConfigurationIsVisible = 0;
			defaultConfigurationName = Release;
		};
/* End XCConfigurationList section */
	};
	rootObject = 8480D24F25827493009EE0BC /* Project object */;
}
